// !$*UTF8*$!
{
	archiveVersion = 1;
	classes = {
	};
	objectVersion = 51;
	objects = {

/* Begin PBXBuildFile section */
		3D51CB91A27CB65B39EDC6EC /* Pods_Chat_And_Note.framework in Frameworks */ = {isa = PBXBuildFile; fileRef = FC082CF22F21C8D12B11AD16 /* Pods_Chat_And_Note.framework */; };
		FA7884EB25DFC243004ED5E2 /* AppDelegate.swift in Sources */ = {isa = PBXBuildFile; fileRef = FA7884EA25DFC243004ED5E2 /* AppDelegate.swift */; };
		FA7884ED25DFC243004ED5E2 /* SceneDelegate.swift in Sources */ = {isa = PBXBuildFile; fileRef = FA7884EC25DFC243004ED5E2 /* SceneDelegate.swift */; };
		FA7884EF25DFC243004ED5E2 /* ConversationsViewController.swift in Sources */ = {isa = PBXBuildFile; fileRef = FA7884EE25DFC243004ED5E2 /* ConversationsViewController.swift */; };
		FA7884F225DFC243004ED5E2 /* Main.storyboard in Resources */ = {isa = PBXBuildFile; fileRef = FA7884F025DFC243004ED5E2 /* Main.storyboard */; };
		FA7884F425DFC245004ED5E2 /* Assets.xcassets in Resources */ = {isa = PBXBuildFile; fileRef = FA7884F325DFC245004ED5E2 /* Assets.xcassets */; };
		FA7884F725DFC245004ED5E2 /* LaunchScreen.storyboard in Resources */ = {isa = PBXBuildFile; fileRef = FA7884F525DFC245004ED5E2 /* LaunchScreen.storyboard */; };
		FA78850925DFC909004ED5E2 /* LoginViewController.swift in Sources */ = {isa = PBXBuildFile; fileRef = FA78850825DFC909004ED5E2 /* LoginViewController.swift */; };
		FA78850C25DFC931004ED5E2 /* RegisterViewController.swift in Sources */ = {isa = PBXBuildFile; fileRef = FA78850B25DFC931004ED5E2 /* RegisterViewController.swift */; };
		FA78851025DFC966004ED5E2 /* PhotoViewerViewController.swift in Sources */ = {isa = PBXBuildFile; fileRef = FA78850F25DFC966004ED5E2 /* PhotoViewerViewController.swift */; };
		FA78851725DFC9A4004ED5E2 /* NewConversationViewController.swift in Sources */ = {isa = PBXBuildFile; fileRef = FA78851625DFC9A4004ED5E2 /* NewConversationViewController.swift */; };
		FA78851A25DFC9C2004ED5E2 /* ProfileViewController.swift in Sources */ = {isa = PBXBuildFile; fileRef = FA78851925DFC9C2004ED5E2 /* ProfileViewController.swift */; };
		FA78852425DFD4A6004ED5E2 /* Extensions.swift in Sources */ = {isa = PBXBuildFile; fileRef = FA78852325DFD4A6004ED5E2 /* Extensions.swift */; };
		FA78853825E00C19004ED5E2 /* GoogleService-Info.plist in Resources */ = {isa = PBXBuildFile; fileRef = FA78853725E00C19004ED5E2 /* GoogleService-Info.plist */; };
		FA78854A25E0322A004ED5E2 /* DatabaseManager.swift in Sources */ = {isa = PBXBuildFile; fileRef = FA78854925E0322A004ED5E2 /* DatabaseManager.swift */; };
		FA7885A125E4390A004ED5E2 /* ChatViewController.swift in Sources */ = {isa = PBXBuildFile; fileRef = FA7885A025E4390A004ED5E2 /* ChatViewController.swift */; };
		FA7885C025E45982004ED5E2 /* StorageManager.swift in Sources */ = {isa = PBXBuildFile; fileRef = FA7885BF25E45982004ED5E2 /* StorageManager.swift */; };
		FA7885C325EEBC50004ED5E2 /* ConversationTableViewCell.swift in Sources */ = {isa = PBXBuildFile; fileRef = FA7885C225EEBC50004ED5E2 /* ConversationTableViewCell.swift */; };
		FA7885C625F17520004ED5E2 /* NewConversationCell.swift in Sources */ = {isa = PBXBuildFile; fileRef = FA7885C525F1751F004ED5E2 /* NewConversationCell.swift */; };
		FA7885C925F63F33004ED5E2 /* LocationPickerViewController.swift in Sources */ = {isa = PBXBuildFile; fileRef = FA7885C825F63F33004ED5E2 /* LocationPickerViewController.swift */; };
		FA7885EB25F782EC004ED5E2 /* ConversationsModels.swift in Sources */ = {isa = PBXBuildFile; fileRef = FA7885EA25F782EC004ED5E2 /* ConversationsModels.swift */; };
		FA7885EE25F78346004ED5E2 /* ChatModels.swift in Sources */ = {isa = PBXBuildFile; fileRef = FA7885ED25F78346004ED5E2 /* ChatModels.swift */; };
		FA7885F125F783A4004ED5E2 /* SearchResultModel.swift in Sources */ = {isa = PBXBuildFile; fileRef = FA7885F025F783A4004ED5E2 /* SearchResultModel.swift */; };
		FA7885F525F78DD3004ED5E2 /* ProfileDataVM.swift in Sources */ = {isa = PBXBuildFile; fileRef = FA7885F425F78DD3004ED5E2 /* ProfileDataVM.swift */; };
		FA7885FB25FA3239004ED5E2 /* ConversationsVM.swift in Sources */ = {isa = PBXBuildFile; fileRef = FA7885FA25FA3239004ED5E2 /* ConversationsVM.swift */; };
		FA7885FF25FA3D13004ED5E2 /* AuthManager.swift in Sources */ = {isa = PBXBuildFile; fileRef = FA7885FE25FA3D13004ED5E2 /* AuthManager.swift */; };
		FA78860225FA46A3004ED5E2 /* CacheManager.swift in Sources */ = {isa = PBXBuildFile; fileRef = FA78860125FA46A3004ED5E2 /* CacheManager.swift */; };
		FA78860525FA91F0004ED5E2 /* FacebookManager.swift in Sources */ = {isa = PBXBuildFile; fileRef = FA78860425FA91F0004ED5E2 /* FacebookManager.swift */; };
		FA78860825FA943F004ED5E2 /* FacebookUser.swift in Sources */ = {isa = PBXBuildFile; fileRef = FA78860725FA943F004ED5E2 /* FacebookUser.swift */; };
		FA78860C25FA9E72004ED5E2 /* AppUser.swift in Sources */ = {isa = PBXBuildFile; fileRef = FA78860B25FA9E72004ED5E2 /* AppUser.swift */; };
		FA78861125FAD96D004ED5E2 /* GoogleManager.swift in Sources */ = {isa = PBXBuildFile; fileRef = FA78861025FAD96D004ED5E2 /* GoogleManager.swift */; };
		FA78861825FC202D004ED5E2 /* NewConversationVM.swift in Sources */ = {isa = PBXBuildFile; fileRef = FA78861725FC202D004ED5E2 /* NewConversationVM.swift */; };
		FA78862125FCF1FC004ED5E2 /* ProfileVM.swift in Sources */ = {isa = PBXBuildFile; fileRef = FA78862025FCF1FC004ED5E2 /* ProfileVM.swift */; };
		FA78862A25FCFB42004ED5E2 /* ProfileTableViewCell.swift in Sources */ = {isa = PBXBuildFile; fileRef = FA78862925FCFB42004ED5E2 /* ProfileTableViewCell.swift */; };
		FA78862D25FE17E5004ED5E2 /* ChatVM.swift in Sources */ = {isa = PBXBuildFile; fileRef = FA78862C25FE17E5004ED5E2 /* ChatVM.swift */; };
		FA78863225FF7FF4004ED5E2 /* DatabaseError.swift in Sources */ = {isa = PBXBuildFile; fileRef = FA78863125FF7FF4004ED5E2 /* DatabaseError.swift */; };
		FA78873F2602526B004ED5E2 /* CategoriesViewController.swift in Sources */ = {isa = PBXBuildFile; fileRef = FA78873E2602526A004ED5E2 /* CategoriesViewController.swift */; };
		FA788747260654E7004ED5E2 /* Note.swift in Sources */ = {isa = PBXBuildFile; fileRef = FA788746260654E7004ED5E2 /* Note.swift */; };
		FA78874D26065B9E004ED5E2 /* ItemsViewController.swift in Sources */ = {isa = PBXBuildFile; fileRef = FA78874C26065B9D004ED5E2 /* ItemsViewController.swift */; };
		FA78875026069593004ED5E2 /* NotesVM.swift in Sources */ = {isa = PBXBuildFile; fileRef = FA78874F26069593004ED5E2 /* NotesVM.swift */; };
		FA78875526079497004ED5E2 /* NotePickerViewController.swift in Sources */ = {isa = PBXBuildFile; fileRef = FA78875426079497004ED5E2 /* NotePickerViewController.swift */; };
		FA78875826079574004ED5E2 /* NoteTableViewCell.swift in Sources */ = {isa = PBXBuildFile; fileRef = FA78875726079574004ED5E2 /* NoteTableViewCell.swift */; };
/* End PBXBuildFile section */

/* Begin PBXFileReference section */
		3732C455DE6B81AE21D62A6A /* Pods-Chat And Note.release.xcconfig */ = {isa = PBXFileReference; includeInIndex = 1; lastKnownFileType = text.xcconfig; name = "Pods-Chat And Note.release.xcconfig"; path = "Target Support Files/Pods-Chat And Note/Pods-Chat And Note.release.xcconfig"; sourceTree = "<group>"; };
		6046D22764E75E68EDC488E5 /* Pods-Chat And Note.debug.xcconfig */ = {isa = PBXFileReference; includeInIndex = 1; lastKnownFileType = text.xcconfig; name = "Pods-Chat And Note.debug.xcconfig"; path = "Target Support Files/Pods-Chat And Note/Pods-Chat And Note.debug.xcconfig"; sourceTree = "<group>"; };
		FA7884E725DFC243004ED5E2 /* Chat And Note.app */ = {isa = PBXFileReference; explicitFileType = wrapper.application; includeInIndex = 0; path = "Chat And Note.app"; sourceTree = BUILT_PRODUCTS_DIR; };
		FA7884EA25DFC243004ED5E2 /* AppDelegate.swift */ = {isa = PBXFileReference; lastKnownFileType = sourcecode.swift; path = AppDelegate.swift; sourceTree = "<group>"; };
		FA7884EC25DFC243004ED5E2 /* SceneDelegate.swift */ = {isa = PBXFileReference; lastKnownFileType = sourcecode.swift; path = SceneDelegate.swift; sourceTree = "<group>"; };
		FA7884EE25DFC243004ED5E2 /* ConversationsViewController.swift */ = {isa = PBXFileReference; lastKnownFileType = sourcecode.swift; path = ConversationsViewController.swift; sourceTree = "<group>"; };
		FA7884F125DFC243004ED5E2 /* Base */ = {isa = PBXFileReference; lastKnownFileType = file.storyboard; name = Base; path = Base.lproj/Main.storyboard; sourceTree = "<group>"; };
		FA7884F325DFC245004ED5E2 /* Assets.xcassets */ = {isa = PBXFileReference; lastKnownFileType = folder.assetcatalog; path = Assets.xcassets; sourceTree = "<group>"; };
		FA7884F625DFC245004ED5E2 /* Base */ = {isa = PBXFileReference; lastKnownFileType = file.storyboard; name = Base; path = Base.lproj/LaunchScreen.storyboard; sourceTree = "<group>"; };
		FA7884F825DFC245004ED5E2 /* Info.plist */ = {isa = PBXFileReference; lastKnownFileType = text.plist.xml; path = Info.plist; sourceTree = "<group>"; };
		FA78850825DFC909004ED5E2 /* LoginViewController.swift */ = {isa = PBXFileReference; lastKnownFileType = sourcecode.swift; path = LoginViewController.swift; sourceTree = "<group>"; };
		FA78850B25DFC931004ED5E2 /* RegisterViewController.swift */ = {isa = PBXFileReference; lastKnownFileType = sourcecode.swift; path = RegisterViewController.swift; sourceTree = "<group>"; };
		FA78850F25DFC966004ED5E2 /* PhotoViewerViewController.swift */ = {isa = PBXFileReference; lastKnownFileType = sourcecode.swift; path = PhotoViewerViewController.swift; sourceTree = "<group>"; };
		FA78851625DFC9A4004ED5E2 /* NewConversationViewController.swift */ = {isa = PBXFileReference; lastKnownFileType = sourcecode.swift; path = NewConversationViewController.swift; sourceTree = "<group>"; };
		FA78851925DFC9C2004ED5E2 /* ProfileViewController.swift */ = {isa = PBXFileReference; lastKnownFileType = sourcecode.swift; path = ProfileViewController.swift; sourceTree = "<group>"; };
		FA78852325DFD4A6004ED5E2 /* Extensions.swift */ = {isa = PBXFileReference; lastKnownFileType = sourcecode.swift; path = Extensions.swift; sourceTree = "<group>"; };
		FA78853725E00C19004ED5E2 /* GoogleService-Info.plist */ = {isa = PBXFileReference; fileEncoding = 4; lastKnownFileType = text.plist.xml; path = "GoogleService-Info.plist"; sourceTree = "<group>"; };
		FA78854925E0322A004ED5E2 /* DatabaseManager.swift */ = {isa = PBXFileReference; lastKnownFileType = sourcecode.swift; path = DatabaseManager.swift; sourceTree = "<group>"; };
		FA7885A025E4390A004ED5E2 /* ChatViewController.swift */ = {isa = PBXFileReference; lastKnownFileType = sourcecode.swift; path = ChatViewController.swift; sourceTree = "<group>"; };
		FA7885BF25E45982004ED5E2 /* StorageManager.swift */ = {isa = PBXFileReference; lastKnownFileType = sourcecode.swift; path = StorageManager.swift; sourceTree = "<group>"; };
		FA7885C225EEBC50004ED5E2 /* ConversationTableViewCell.swift */ = {isa = PBXFileReference; lastKnownFileType = sourcecode.swift; path = ConversationTableViewCell.swift; sourceTree = "<group>"; };
		FA7885C525F1751F004ED5E2 /* NewConversationCell.swift */ = {isa = PBXFileReference; lastKnownFileType = sourcecode.swift; path = NewConversationCell.swift; sourceTree = "<group>"; };
		FA7885C825F63F33004ED5E2 /* LocationPickerViewController.swift */ = {isa = PBXFileReference; lastKnownFileType = sourcecode.swift; path = LocationPickerViewController.swift; sourceTree = "<group>"; };
		FA7885EA25F782EC004ED5E2 /* ConversationsModels.swift */ = {isa = PBXFileReference; lastKnownFileType = sourcecode.swift; path = ConversationsModels.swift; sourceTree = "<group>"; };
		FA7885ED25F78346004ED5E2 /* ChatModels.swift */ = {isa = PBXFileReference; lastKnownFileType = sourcecode.swift; path = ChatModels.swift; sourceTree = "<group>"; };
		FA7885F025F783A4004ED5E2 /* SearchResultModel.swift */ = {isa = PBXFileReference; lastKnownFileType = sourcecode.swift; path = SearchResultModel.swift; sourceTree = "<group>"; };
		FA7885F425F78DD3004ED5E2 /* ProfileDataVM.swift */ = {isa = PBXFileReference; lastKnownFileType = sourcecode.swift; path = ProfileDataVM.swift; sourceTree = "<group>"; };
		FA7885FA25FA3239004ED5E2 /* ConversationsVM.swift */ = {isa = PBXFileReference; lastKnownFileType = sourcecode.swift; path = ConversationsVM.swift; sourceTree = "<group>"; };
		FA7885FE25FA3D13004ED5E2 /* AuthManager.swift */ = {isa = PBXFileReference; lastKnownFileType = sourcecode.swift; path = AuthManager.swift; sourceTree = "<group>"; };
		FA78860125FA46A3004ED5E2 /* CacheManager.swift */ = {isa = PBXFileReference; lastKnownFileType = sourcecode.swift; path = CacheManager.swift; sourceTree = "<group>"; };
		FA78860425FA91F0004ED5E2 /* FacebookManager.swift */ = {isa = PBXFileReference; lastKnownFileType = sourcecode.swift; path = FacebookManager.swift; sourceTree = "<group>"; };
		FA78860725FA943F004ED5E2 /* FacebookUser.swift */ = {isa = PBXFileReference; lastKnownFileType = sourcecode.swift; path = FacebookUser.swift; sourceTree = "<group>"; };
		FA78860B25FA9E72004ED5E2 /* AppUser.swift */ = {isa = PBXFileReference; lastKnownFileType = sourcecode.swift; path = AppUser.swift; sourceTree = "<group>"; };
		FA78861025FAD96D004ED5E2 /* GoogleManager.swift */ = {isa = PBXFileReference; lastKnownFileType = sourcecode.swift; path = GoogleManager.swift; sourceTree = "<group>"; };
		FA78861725FC202D004ED5E2 /* NewConversationVM.swift */ = {isa = PBXFileReference; lastKnownFileType = sourcecode.swift; path = NewConversationVM.swift; sourceTree = "<group>"; };
		FA78862025FCF1FC004ED5E2 /* ProfileVM.swift */ = {isa = PBXFileReference; lastKnownFileType = sourcecode.swift; path = ProfileVM.swift; sourceTree = "<group>"; };
		FA78862925FCFB42004ED5E2 /* ProfileTableViewCell.swift */ = {isa = PBXFileReference; lastKnownFileType = sourcecode.swift; path = ProfileTableViewCell.swift; sourceTree = "<group>"; };
		FA78862C25FE17E5004ED5E2 /* ChatVM.swift */ = {isa = PBXFileReference; lastKnownFileType = sourcecode.swift; path = ChatVM.swift; sourceTree = "<group>"; };
		FA78863125FF7FF4004ED5E2 /* DatabaseError.swift */ = {isa = PBXFileReference; lastKnownFileType = sourcecode.swift; path = DatabaseError.swift; sourceTree = "<group>"; };
		FA78873E2602526A004ED5E2 /* CategoriesViewController.swift */ = {isa = PBXFileReference; lastKnownFileType = sourcecode.swift; path = CategoriesViewController.swift; sourceTree = "<group>"; };
		FA788746260654E7004ED5E2 /* Note.swift */ = {isa = PBXFileReference; lastKnownFileType = sourcecode.swift; path = Note.swift; sourceTree = "<group>"; };
		FA78874C26065B9D004ED5E2 /* ItemsViewController.swift */ = {isa = PBXFileReference; lastKnownFileType = sourcecode.swift; path = ItemsViewController.swift; sourceTree = "<group>"; };
		FA78874F26069593004ED5E2 /* NotesVM.swift */ = {isa = PBXFileReference; lastKnownFileType = sourcecode.swift; path = NotesVM.swift; sourceTree = "<group>"; };
		FA78875426079497004ED5E2 /* NotePickerViewController.swift */ = {isa = PBXFileReference; lastKnownFileType = sourcecode.swift; path = NotePickerViewController.swift; sourceTree = "<group>"; };
		FA78875726079574004ED5E2 /* NoteTableViewCell.swift */ = {isa = PBXFileReference; lastKnownFileType = sourcecode.swift; path = NoteTableViewCell.swift; sourceTree = "<group>"; };
		FC082CF22F21C8D12B11AD16 /* Pods_Chat_And_Note.framework */ = {isa = PBXFileReference; explicitFileType = wrapper.framework; includeInIndex = 0; path = Pods_Chat_And_Note.framework; sourceTree = BUILT_PRODUCTS_DIR; };
/* End PBXFileReference section */

/* Begin PBXFrameworksBuildPhase section */
		FA7884E425DFC243004ED5E2 /* Frameworks */ = {
			isa = PBXFrameworksBuildPhase;
			buildActionMask = 2147483647;
			files = (
				3D51CB91A27CB65B39EDC6EC /* Pods_Chat_And_Note.framework in Frameworks */,
			);
			runOnlyForDeploymentPostprocessing = 0;
		};
/* End PBXFrameworksBuildPhase section */

/* Begin PBXGroup section */
		651DC92828993218B9698E4B /* Frameworks */ = {
			isa = PBXGroup;
			children = (
				FC082CF22F21C8D12B11AD16 /* Pods_Chat_And_Note.framework */,
			);
			name = Frameworks;
			sourceTree = "<group>";
		};
		7645205C43AF42C9BC13F2B9 /* Pods */ = {
			isa = PBXGroup;
			children = (
				6046D22764E75E68EDC488E5 /* Pods-Chat And Note.debug.xcconfig */,
				3732C455DE6B81AE21D62A6A /* Pods-Chat And Note.release.xcconfig */,
			);
			path = Pods;
			sourceTree = "<group>";
		};
		FA7884DE25DFC243004ED5E2 = {
			isa = PBXGroup;
			children = (
				FA7884E925DFC243004ED5E2 /* Chat And Note */,
				FA7884E825DFC243004ED5E2 /* Products */,
				7645205C43AF42C9BC13F2B9 /* Pods */,
				651DC92828993218B9698E4B /* Frameworks */,
			);
			sourceTree = "<group>";
		};
		FA7884E825DFC243004ED5E2 /* Products */ = {
			isa = PBXGroup;
			children = (
				FA7884E725DFC243004ED5E2 /* Chat And Note.app */,
			);
			name = Products;
			sourceTree = "<group>";
		};
		FA7884E925DFC243004ED5E2 /* Chat And Note */ = {
			isa = PBXGroup;
			children = (
				FA78850125DFC77B004ED5E2 /* Models */,
				FA78850225DFC782004ED5E2 /* ViewModels */,
				FA78861525FC0524004ED5E2 /* Managers */,
				FA78850025DFC773004ED5E2 /* Views */,
				FA7884FF25DFC76A004ED5E2 /* Controllers */,
				FA78850325DFC791004ED5E2 /* Resources */,
				FA7884F825DFC245004ED5E2 /* Info.plist */,
				FA78853725E00C19004ED5E2 /* GoogleService-Info.plist */,
			);
			path = "Chat And Note";
			sourceTree = "<group>";
		};
		FA7884FF25DFC76A004ED5E2 /* Controllers */ = {
			isa = PBXGroup;
			children = (
				FA78851C25DFCA9F004ED5E2 /* Login */,
				FA78862F25FE1FF2004ED5E2 /* Chat */,
				FA7884EE25DFC243004ED5E2 /* ConversationsViewController.swift */,
				FA78851625DFC9A4004ED5E2 /* NewConversationViewController.swift */,
				FA78851925DFC9C2004ED5E2 /* ProfileViewController.swift */,
				FA788749260658DB004ED5E2 /* Notes */,
			);
			path = Controllers;
			sourceTree = "<group>";
		};
		FA78850025DFC773004ED5E2 /* Views */ = {
			isa = PBXGroup;
			children = (
				FA78850525DFC7C8004ED5E2 /* Storyboards */,
				FA7884F325DFC245004ED5E2 /* Assets.xcassets */,
				FA78875A260797A1004ED5E2 /* Cells */,
			);
			path = Views;
			sourceTree = "<group>";
		};
		FA78850125DFC77B004ED5E2 /* Models */ = {
			isa = PBXGroup;
			children = (
				FA78874126065441004ED5E2 /* Notes */,
				FA78860B25FA9E72004ED5E2 /* AppUser.swift */,
				FA7885EA25F782EC004ED5E2 /* ConversationsModels.swift */,
				FA7885ED25F78346004ED5E2 /* ChatModels.swift */,
				FA7885F025F783A4004ED5E2 /* SearchResultModel.swift */,
				FA78860725FA943F004ED5E2 /* FacebookUser.swift */,
			);
			path = Models;
			sourceTree = "<group>";
		};
		FA78850225DFC782004ED5E2 /* ViewModels */ = {
			isa = PBXGroup;
			children = (
				FA7885FA25FA3239004ED5E2 /* ConversationsVM.swift */,
				FA78861725FC202D004ED5E2 /* NewConversationVM.swift */,
				FA78862325FCF225004ED5E2 /* Profile */,
				FA78862C25FE17E5004ED5E2 /* ChatVM.swift */,
				FA78874F26069593004ED5E2 /* NotesVM.swift */,
			);
			path = ViewModels;
			sourceTree = "<group>";
		};
		FA78850325DFC791004ED5E2 /* Resources */ = {
			isa = PBXGroup;
			children = (
				FA7884EA25DFC243004ED5E2 /* AppDelegate.swift */,
				FA7884EC25DFC243004ED5E2 /* SceneDelegate.swift */,
				FA78852325DFD4A6004ED5E2 /* Extensions.swift */,
				FA78863125FF7FF4004ED5E2 /* DatabaseError.swift */,
			);
			path = Resources;
			sourceTree = "<group>";
		};
		FA78850525DFC7C8004ED5E2 /* Storyboards */ = {
			isa = PBXGroup;
			children = (
				FA7884F025DFC243004ED5E2 /* Main.storyboard */,
				FA7884F525DFC245004ED5E2 /* LaunchScreen.storyboard */,
			);
			path = Storyboards;
			sourceTree = "<group>";
		};
		FA78851C25DFCA9F004ED5E2 /* Login */ = {
			isa = PBXGroup;
			children = (
				FA78850825DFC909004ED5E2 /* LoginViewController.swift */,
				FA78850B25DFC931004ED5E2 /* RegisterViewController.swift */,
			);
			path = Login;
			sourceTree = "<group>";
		};
		FA78861525FC0524004ED5E2 /* Managers */ = {
			isa = PBXGroup;
			children = (
				FA78854925E0322A004ED5E2 /* DatabaseManager.swift */,
				FA7885BF25E45982004ED5E2 /* StorageManager.swift */,
				FA78860125FA46A3004ED5E2 /* CacheManager.swift */,
				FA78862725FCF79B004ED5E2 /* Account */,
			);
			path = Managers;
			sourceTree = "<group>";
		};
		FA78862325FCF225004ED5E2 /* Profile */ = {
			isa = PBXGroup;
			children = (
				FA7885F425F78DD3004ED5E2 /* ProfileDataVM.swift */,
				FA78862025FCF1FC004ED5E2 /* ProfileVM.swift */,
			);
			path = Profile;
			sourceTree = "<group>";
		};
		FA78862725FCF79B004ED5E2 /* Account */ = {
			isa = PBXGroup;
			children = (
				FA7885FE25FA3D13004ED5E2 /* AuthManager.swift */,
				FA78860425FA91F0004ED5E2 /* FacebookManager.swift */,
				FA78861025FAD96D004ED5E2 /* GoogleManager.swift */,
			);
			path = Account;
			sourceTree = "<group>";
		};
		FA78862F25FE1FF2004ED5E2 /* Chat */ = {
			isa = PBXGroup;
			children = (
				FA7885A025E4390A004ED5E2 /* ChatViewController.swift */,
				FA78850F25DFC966004ED5E2 /* PhotoViewerViewController.swift */,
				FA7885C825F63F33004ED5E2 /* LocationPickerViewController.swift */,
				FA78875426079497004ED5E2 /* NotePickerViewController.swift */,
			);
			path = Chat;
			sourceTree = "<group>";
		};
		FA78874126065441004ED5E2 /* Notes */ = {
			isa = PBXGroup;
			children = (
				FA788746260654E7004ED5E2 /* Note.swift */,
			);
			path = Notes;
			sourceTree = "<group>";
		};
		FA788749260658DB004ED5E2 /* Notes */ = {
			isa = PBXGroup;
			children = (
				FA78873E2602526A004ED5E2 /* CategoriesViewController.swift */,
				FA78874C26065B9D004ED5E2 /* ItemsViewController.swift */,
			);
			path = Notes;
			sourceTree = "<group>";
		};
		FA78875A260797A1004ED5E2 /* Cells */ = {
			isa = PBXGroup;
			children = (
				FA7885C225EEBC50004ED5E2 /* ConversationTableViewCell.swift */,
				FA7885C525F1751F004ED5E2 /* NewConversationCell.swift */,
				FA78862925FCFB42004ED5E2 /* ProfileTableViewCell.swift */,
				FA78875726079574004ED5E2 /* NoteTableViewCell.swift */,
			);
			path = Cells;
			sourceTree = "<group>";
		};
/* End PBXGroup section */

/* Begin PBXNativeTarget section */
		FA7884E625DFC243004ED5E2 /* Chat And Note */ = {
			isa = PBXNativeTarget;
			buildConfigurationList = FA7884FB25DFC245004ED5E2 /* Build configuration list for PBXNativeTarget "Chat And Note" */;
			buildPhases = (
				BE6B511F631D336E29DC3F2C /* [CP] Check Pods Manifest.lock */,
				FA7884E325DFC243004ED5E2 /* Sources */,
				FA7884E425DFC243004ED5E2 /* Frameworks */,
				FA7884E525DFC243004ED5E2 /* Resources */,
				C4FC13522B53EB01466F01A6 /* [CP] Embed Pods Frameworks */,
				55D9BFDBDA4B1D7C8A43DF35 /* [CP] Copy Pods Resources */,
				FA7885E825F76619004ED5E2 /* ShellScript */,
			);
			buildRules = (
			);
			dependencies = (
			);
			name = "Chat And Note";
			productName = "Chat & Note";
			productReference = FA7884E725DFC243004ED5E2 /* Chat And Note.app */;
			productType = "com.apple.product-type.application";
		};
/* End PBXNativeTarget section */

/* Begin PBXProject section */
		FA7884DF25DFC243004ED5E2 /* Project object */ = {
			isa = PBXProject;
			attributes = {
				LastSwiftUpdateCheck = 1220;
				LastUpgradeCheck = 1220;
				TargetAttributes = {
					FA7884E625DFC243004ED5E2 = {
						CreatedOnToolsVersion = 12.2;
					};
				};
			};
			buildConfigurationList = FA7884E225DFC243004ED5E2 /* Build configuration list for PBXProject "Chat And Note" */;
			compatibilityVersion = "Xcode 9.3";
			developmentRegion = en;
			hasScannedForEncodings = 0;
			knownRegions = (
				en,
				Base,
			);
			mainGroup = FA7884DE25DFC243004ED5E2;
			productRefGroup = FA7884E825DFC243004ED5E2 /* Products */;
			projectDirPath = "";
			projectRoot = "";
			targets = (
				FA7884E625DFC243004ED5E2 /* Chat And Note */,
			);
		};
/* End PBXProject section */

/* Begin PBXResourcesBuildPhase section */
		FA7884E525DFC243004ED5E2 /* Resources */ = {
			isa = PBXResourcesBuildPhase;
			buildActionMask = 2147483647;
			files = (
				FA7884F725DFC245004ED5E2 /* LaunchScreen.storyboard in Resources */,
				FA78853825E00C19004ED5E2 /* GoogleService-Info.plist in Resources */,
				FA7884F425DFC245004ED5E2 /* Assets.xcassets in Resources */,
				FA7884F225DFC243004ED5E2 /* Main.storyboard in Resources */,
			);
			runOnlyForDeploymentPostprocessing = 0;
		};
/* End PBXResourcesBuildPhase section */

/* Begin PBXShellScriptBuildPhase section */
		55D9BFDBDA4B1D7C8A43DF35 /* [CP] Copy Pods Resources */ = {
			isa = PBXShellScriptBuildPhase;
			buildActionMask = 2147483647;
			files = (
			);
			inputFileListPaths = (
				"${PODS_ROOT}/Target Support Files/Pods-Chat And Note/Pods-Chat And Note-resources-${CONFIGURATION}-input-files.xcfilelist",
			);
			name = "[CP] Copy Pods Resources";
			outputFileListPaths = (
				"${PODS_ROOT}/Target Support Files/Pods-Chat And Note/Pods-Chat And Note-resources-${CONFIGURATION}-output-files.xcfilelist",
			);
			runOnlyForDeploymentPostprocessing = 0;
			shellPath = /bin/sh;
			shellScript = "\"${PODS_ROOT}/Target Support Files/Pods-Chat And Note/Pods-Chat And Note-resources.sh\"\n";
			showEnvVarsInLog = 0;
		};
		BE6B511F631D336E29DC3F2C /* [CP] Check Pods Manifest.lock */ = {
			isa = PBXShellScriptBuildPhase;
			buildActionMask = 2147483647;
			files = (
			);
			inputFileListPaths = (
			);
			inputPaths = (
				"${PODS_PODFILE_DIR_PATH}/Podfile.lock",
				"${PODS_ROOT}/Manifest.lock",
			);
			name = "[CP] Check Pods Manifest.lock";
			outputFileListPaths = (
			);
			outputPaths = (
				"$(DERIVED_FILE_DIR)/Pods-Chat And Note-checkManifestLockResult.txt",
			);
			runOnlyForDeploymentPostprocessing = 0;
			shellPath = /bin/sh;
			shellScript = "diff \"${PODS_PODFILE_DIR_PATH}/Podfile.lock\" \"${PODS_ROOT}/Manifest.lock\" > /dev/null\nif [ $? != 0 ] ; then\n    # print error to STDERR\n    echo \"error: The sandbox is not in sync with the Podfile.lock. Run 'pod install' or update your CocoaPods installation.\" >&2\n    exit 1\nfi\n# This output is used by Xcode 'outputs' to avoid re-running this script phase.\necho \"SUCCESS\" > \"${SCRIPT_OUTPUT_FILE_0}\"\n";
			showEnvVarsInLog = 0;
		};
		C4FC13522B53EB01466F01A6 /* [CP] Embed Pods Frameworks */ = {
			isa = PBXShellScriptBuildPhase;
			buildActionMask = 2147483647;
			files = (
			);
			inputFileListPaths = (
				"${PODS_ROOT}/Target Support Files/Pods-Chat And Note/Pods-Chat And Note-frameworks-${CONFIGURATION}-input-files.xcfilelist",
			);
			name = "[CP] Embed Pods Frameworks";
			outputFileListPaths = (
				"${PODS_ROOT}/Target Support Files/Pods-Chat And Note/Pods-Chat And Note-frameworks-${CONFIGURATION}-output-files.xcfilelist",
			);
			runOnlyForDeploymentPostprocessing = 0;
			shellPath = /bin/sh;
			shellScript = "\"${PODS_ROOT}/Target Support Files/Pods-Chat And Note/Pods-Chat And Note-frameworks.sh\"\n";
			showEnvVarsInLog = 0;
		};
		FA7885E825F76619004ED5E2 /* ShellScript */ = {
			isa = PBXShellScriptBuildPhase;
			buildActionMask = 2147483647;
			files = (
			);
			inputFileListPaths = (
			);
			inputPaths = (
			);
			outputFileListPaths = (
			);
			outputPaths = (
			);
			runOnlyForDeploymentPostprocessing = 0;
			shellPath = /bin/sh;
			shellScript = "# Type a script or drag a script file from your workspace to insert its path.\n\"${PODS_ROOT}/FirebaseCrashlytics/run\"\n";
		};
/* End PBXShellScriptBuildPhase section */

/* Begin PBXSourcesBuildPhase section */
		FA7884E325DFC243004ED5E2 /* Sources */ = {
			isa = PBXSourcesBuildPhase;
			buildActionMask = 2147483647;
			files = (
				FA78850925DFC909004ED5E2 /* LoginViewController.swift in Sources */,
				FA78875826079574004ED5E2 /* NoteTableViewCell.swift in Sources */,
				FA78860525FA91F0004ED5E2 /* FacebookManager.swift in Sources */,
				FA788747260654E7004ED5E2 /* Note.swift in Sources */,
				FA7885F525F78DD3004ED5E2 /* ProfileDataVM.swift in Sources */,
				FA78861125FAD96D004ED5E2 /* GoogleManager.swift in Sources */,
				FA7885C625F17520004ED5E2 /* NewConversationCell.swift in Sources */,
				FA78854A25E0322A004ED5E2 /* DatabaseManager.swift in Sources */,
				FA7885EE25F78346004ED5E2 /* ChatModels.swift in Sources */,
				FA78875526079497004ED5E2 /* NotePickerViewController.swift in Sources */,
				FA78861825FC202D004ED5E2 /* NewConversationVM.swift in Sources */,
				FA78860825FA943F004ED5E2 /* FacebookUser.swift in Sources */,
				FA78850C25DFC931004ED5E2 /* RegisterViewController.swift in Sources */,
				FA78851725DFC9A4004ED5E2 /* NewConversationViewController.swift in Sources */,
				FA7884EF25DFC243004ED5E2 /* ConversationsViewController.swift in Sources */,
				FA78852425DFD4A6004ED5E2 /* Extensions.swift in Sources */,
				FA7885FB25FA3239004ED5E2 /* ConversationsVM.swift in Sources */,
				FA7884EB25DFC243004ED5E2 /* AppDelegate.swift in Sources */,
				FA78860225FA46A3004ED5E2 /* CacheManager.swift in Sources */,
				FA78851A25DFC9C2004ED5E2 /* ProfileViewController.swift in Sources */,
				FA78863225FF7FF4004ED5E2 /* DatabaseError.swift in Sources */,
				FA7885FF25FA3D13004ED5E2 /* AuthManager.swift in Sources */,
				FA7884ED25DFC243004ED5E2 /* SceneDelegate.swift in Sources */,
				FA7885C325EEBC50004ED5E2 /* ConversationTableViewCell.swift in Sources */,
				FA7885A125E4390A004ED5E2 /* ChatViewController.swift in Sources */,
				FA78851025DFC966004ED5E2 /* PhotoViewerViewController.swift in Sources */,
				FA78862A25FCFB42004ED5E2 /* ProfileTableViewCell.swift in Sources */,
				FA78874D26065B9E004ED5E2 /* ItemsViewController.swift in Sources */,
				FA78860C25FA9E72004ED5E2 /* AppUser.swift in Sources */,
				FA78862D25FE17E5004ED5E2 /* ChatVM.swift in Sources */,
				FA78875026069593004ED5E2 /* NotesVM.swift in Sources */,
				FA7885F125F783A4004ED5E2 /* SearchResultModel.swift in Sources */,
				FA7885C025E45982004ED5E2 /* StorageManager.swift in Sources */,
				FA78873F2602526B004ED5E2 /* CategoriesViewController.swift in Sources */,
				FA7885EB25F782EC004ED5E2 /* ConversationsModels.swift in Sources */,
				FA78862125FCF1FC004ED5E2 /* ProfileVM.swift in Sources */,
				FA7885C925F63F33004ED5E2 /* LocationPickerViewController.swift in Sources */,
			);
			runOnlyForDeploymentPostprocessing = 0;
		};
/* End PBXSourcesBuildPhase section */

/* Begin PBXVariantGroup section */
		FA7884F025DFC243004ED5E2 /* Main.storyboard */ = {
			isa = PBXVariantGroup;
			children = (
				FA7884F125DFC243004ED5E2 /* Base */,
			);
			name = Main.storyboard;
			sourceTree = "<group>";
		};
		FA7884F525DFC245004ED5E2 /* LaunchScreen.storyboard */ = {
			isa = PBXVariantGroup;
			children = (
				FA7884F625DFC245004ED5E2 /* Base */,
			);
			name = LaunchScreen.storyboard;
			sourceTree = "<group>";
		};
/* End PBXVariantGroup section */

/* Begin XCBuildConfiguration section */
		FA7884F925DFC245004ED5E2 /* Debug */ = {
			isa = XCBuildConfiguration;
			buildSettings = {
				ALWAYS_SEARCH_USER_PATHS = NO;
				CLANG_ANALYZER_NONNULL = YES;
				CLANG_ANALYZER_NUMBER_OBJECT_CONVERSION = YES_AGGRESSIVE;
				CLANG_CXX_LANGUAGE_STANDARD = "gnu++14";
				CLANG_CXX_LIBRARY = "libc++";
				CLANG_ENABLE_MODULES = YES;
				CLANG_ENABLE_OBJC_ARC = YES;
				CLANG_ENABLE_OBJC_WEAK = YES;
				CLANG_WARN_BLOCK_CAPTURE_AUTORELEASING = YES;
				CLANG_WARN_BOOL_CONVERSION = YES;
				CLANG_WARN_COMMA = YES;
				CLANG_WARN_CONSTANT_CONVERSION = YES;
				CLANG_WARN_DEPRECATED_OBJC_IMPLEMENTATIONS = YES;
				CLANG_WARN_DIRECT_OBJC_ISA_USAGE = YES_ERROR;
				CLANG_WARN_DOCUMENTATION_COMMENTS = YES;
				CLANG_WARN_EMPTY_BODY = YES;
				CLANG_WARN_ENUM_CONVERSION = YES;
				CLANG_WARN_INFINITE_RECURSION = YES;
				CLANG_WARN_INT_CONVERSION = YES;
				CLANG_WARN_NON_LITERAL_NULL_CONVERSION = YES;
				CLANG_WARN_OBJC_IMPLICIT_RETAIN_SELF = YES;
				CLANG_WARN_OBJC_LITERAL_CONVERSION = YES;
				CLANG_WARN_OBJC_ROOT_CLASS = YES_ERROR;
				CLANG_WARN_QUOTED_INCLUDE_IN_FRAMEWORK_HEADER = YES;
				CLANG_WARN_RANGE_LOOP_ANALYSIS = YES;
				CLANG_WARN_STRICT_PROTOTYPES = YES;
				CLANG_WARN_SUSPICIOUS_MOVE = YES;
				CLANG_WARN_UNGUARDED_AVAILABILITY = YES_AGGRESSIVE;
				CLANG_WARN_UNREACHABLE_CODE = YES;
				CLANG_WARN__DUPLICATE_METHOD_MATCH = YES;
				COPY_PHASE_STRIP = NO;
				DEBUG_INFORMATION_FORMAT = dwarf;
				ENABLE_STRICT_OBJC_MSGSEND = YES;
				ENABLE_TESTABILITY = YES;
				GCC_C_LANGUAGE_STANDARD = gnu11;
				GCC_DYNAMIC_NO_PIC = NO;
				GCC_NO_COMMON_BLOCKS = YES;
				GCC_OPTIMIZATION_LEVEL = 0;
				GCC_PREPROCESSOR_DEFINITIONS = (
					"DEBUG=1",
					"$(inherited)",
				);
				GCC_WARN_64_TO_32_BIT_CONVERSION = YES;
				GCC_WARN_ABOUT_RETURN_TYPE = YES_ERROR;
				GCC_WARN_UNDECLARED_SELECTOR = YES;
				GCC_WARN_UNINITIALIZED_AUTOS = YES_AGGRESSIVE;
				GCC_WARN_UNUSED_FUNCTION = YES;
				GCC_WARN_UNUSED_VARIABLE = YES;
				IPHONEOS_DEPLOYMENT_TARGET = 13.0;
				MTL_ENABLE_DEBUG_INFO = INCLUDE_SOURCE;
				MTL_FAST_MATH = YES;
				ONLY_ACTIVE_ARCH = YES;
				SDKROOT = iphoneos;
				SWIFT_ACTIVE_COMPILATION_CONDITIONS = DEBUG;
				SWIFT_OPTIMIZATION_LEVEL = "-Onone";
			};
			name = Debug;
		};
		FA7884FA25DFC245004ED5E2 /* Release */ = {
			isa = XCBuildConfiguration;
			buildSettings = {
				ALWAYS_SEARCH_USER_PATHS = NO;
				CLANG_ANALYZER_NONNULL = YES;
				CLANG_ANALYZER_NUMBER_OBJECT_CONVERSION = YES_AGGRESSIVE;
				CLANG_CXX_LANGUAGE_STANDARD = "gnu++14";
				CLANG_CXX_LIBRARY = "libc++";
				CLANG_ENABLE_MODULES = YES;
				CLANG_ENABLE_OBJC_ARC = YES;
				CLANG_ENABLE_OBJC_WEAK = YES;
				CLANG_WARN_BLOCK_CAPTURE_AUTORELEASING = YES;
				CLANG_WARN_BOOL_CONVERSION = YES;
				CLANG_WARN_COMMA = YES;
				CLANG_WARN_CONSTANT_CONVERSION = YES;
				CLANG_WARN_DEPRECATED_OBJC_IMPLEMENTATIONS = YES;
				CLANG_WARN_DIRECT_OBJC_ISA_USAGE = YES_ERROR;
				CLANG_WARN_DOCUMENTATION_COMMENTS = YES;
				CLANG_WARN_EMPTY_BODY = YES;
				CLANG_WARN_ENUM_CONVERSION = YES;
				CLANG_WARN_INFINITE_RECURSION = YES;
				CLANG_WARN_INT_CONVERSION = YES;
				CLANG_WARN_NON_LITERAL_NULL_CONVERSION = YES;
				CLANG_WARN_OBJC_IMPLICIT_RETAIN_SELF = YES;
				CLANG_WARN_OBJC_LITERAL_CONVERSION = YES;
				CLANG_WARN_OBJC_ROOT_CLASS = YES_ERROR;
				CLANG_WARN_QUOTED_INCLUDE_IN_FRAMEWORK_HEADER = YES;
				CLANG_WARN_RANGE_LOOP_ANALYSIS = YES;
				CLANG_WARN_STRICT_PROTOTYPES = YES;
				CLANG_WARN_SUSPICIOUS_MOVE = YES;
				CLANG_WARN_UNGUARDED_AVAILABILITY = YES_AGGRESSIVE;
				CLANG_WARN_UNREACHABLE_CODE = YES;
				CLANG_WARN__DUPLICATE_METHOD_MATCH = YES;
				COPY_PHASE_STRIP = NO;
				DEBUG_INFORMATION_FORMAT = "dwarf-with-dsym";
				ENABLE_NS_ASSERTIONS = NO;
				ENABLE_STRICT_OBJC_MSGSEND = YES;
				GCC_C_LANGUAGE_STANDARD = gnu11;
				GCC_NO_COMMON_BLOCKS = YES;
				GCC_WARN_64_TO_32_BIT_CONVERSION = YES;
				GCC_WARN_ABOUT_RETURN_TYPE = YES_ERROR;
				GCC_WARN_UNDECLARED_SELECTOR = YES;
				GCC_WARN_UNINITIALIZED_AUTOS = YES_AGGRESSIVE;
				GCC_WARN_UNUSED_FUNCTION = YES;
				GCC_WARN_UNUSED_VARIABLE = YES;
				IPHONEOS_DEPLOYMENT_TARGET = 13.0;
				MTL_ENABLE_DEBUG_INFO = NO;
				MTL_FAST_MATH = YES;
				SDKROOT = iphoneos;
				SWIFT_COMPILATION_MODE = wholemodule;
				SWIFT_OPTIMIZATION_LEVEL = "-O";
				VALIDATE_PRODUCT = YES;
			};
			name = Release;
		};
		FA7884FC25DFC245004ED5E2 /* Debug */ = {
			isa = XCBuildConfiguration;
			baseConfigurationReference = 6046D22764E75E68EDC488E5 /* Pods-Chat And Note.debug.xcconfig */;
			buildSettings = {
				ASSETCATALOG_COMPILER_APPICON_NAME = AppIcon;
				ASSETCATALOG_COMPILER_GLOBAL_ACCENT_COLOR_NAME = AccentColor;
				CODE_SIGN_STYLE = Automatic;
				DEVELOPMENT_TEAM = PFW47A2H9H;
				INFOPLIST_FILE = "Chat And Note/Info.plist";
				IPHONEOS_DEPLOYMENT_TARGET = 13.0;
				LD_RUNPATH_SEARCH_PATHS = (
					"$(inherited)",
					"@executable_path/Frameworks",
				);
				PRODUCT_BUNDLE_IDENTIFIER = "vetaloff.Chat-And-Note";
				PRODUCT_NAME = "$(TARGET_NAME)";
				SWIFT_VERSION = 5.0;
				TARGETED_DEVICE_FAMILY = "1,2";
			};
			name = Debug;
		};
		FA7884FD25DFC245004ED5E2 /* Release */ = {
			isa = XCBuildConfiguration;
			baseConfigurationReference = 3732C455DE6B81AE21D62A6A /* Pods-Chat And Note.release.xcconfig */;
			buildSettings = {
				ASSETCATALOG_COMPILER_APPICON_NAME = AppIcon;
				ASSETCATALOG_COMPILER_GLOBAL_ACCENT_COLOR_NAME = AccentColor;
				CODE_SIGN_STYLE = Automatic;
				DEVELOPMENT_TEAM = PFW47A2H9H;
				INFOPLIST_FILE = "Chat And Note/Info.plist";
				IPHONEOS_DEPLOYMENT_TARGET = 13.0;
				LD_RUNPATH_SEARCH_PATHS = (
					"$(inherited)",
					"@executable_path/Frameworks",
				);
				PRODUCT_BUNDLE_IDENTIFIER = "vetaloff.Chat-And-Note";
				PRODUCT_NAME = "$(TARGET_NAME)";
				SWIFT_VERSION = 5.0;
				TARGETED_DEVICE_FAMILY = "1,2";
			};
			name = Release;
		};
/* End XCBuildConfiguration section */

/* Begin XCConfigurationList section */
		FA7884E225DFC243004ED5E2 /* Build configuration list for PBXProject "Chat And Note" */ = {
			isa = XCConfigurationList;
			buildConfigurations = (
				FA7884F925DFC245004ED5E2 /* Debug */,
				FA7884FA25DFC245004ED5E2 /* Release */,
			);
			defaultConfigurationIsVisible = 0;
			defaultConfigurationName = Release;
		};
		FA7884FB25DFC245004ED5E2 /* Build configuration list for PBXNativeTarget "Chat And Note" */ = {
			isa = XCConfigurationList;
			buildConfigurations = (
				FA7884FC25DFC245004ED5E2 /* Debug */,
				FA7884FD25DFC245004ED5E2 /* Release */,
			);
			defaultConfigurationIsVisible = 0;
			defaultConfigurationName = Release;
		};
/* End XCConfigurationList section */
	};
	rootObject = FA7884DF25DFC243004ED5E2 /* Project object */;
}
